
Microsoft Visual Studio Solution File, Format Version 12.00
# Visual Studio Version 16
VisualStudioVersion = 16.0.33927.289
MinimumVisualStudioVersion = 10.0.40219.1
Project("{2150E333-8FDC-42A3-9474-1A3956D46DE8}") = "Task0", "Task0", "{24015E4B-7659-42BE-B20F-09D0CBD7CCB0}"
EndProject
Project("{FAE04EC0-301F-11D3-BF4B-00C04F79EFBC}") = "Tyuiu.UleevRI.Sprint4.Task0.V17", "Tyuiu.UleevRI.Sprint4.Task0.V17\Tyuiu.UleevRI.Sprint4.Task0.V17.csproj", "{F89EF973-FE18-4404-A0C4-EA71AF0A55D9}"
EndProject
Project("{FAE04EC0-301F-11D3-BF4B-00C04F79EFBC}") = "Tyuiu.UleevRI.Sprint4.Task0.V17.Lib", "Tyuiu.UleevRI.Sprint4.Task0.V17.Lib\Tyuiu.UleevRI.Sprint4.Task0.V17.Lib.csproj", "{4D4C157B-5279-4F56-858A-112846BEA1FC}"
EndProject
Project("{FAE04EC0-301F-11D3-BF4B-00C04F79EFBC}") = "Tyuiu.UleevRI.Sprint4.Task0.V17.Test", "Tyuiu.UleevRI.Sprint4.Task0.V17.Test\Tyuiu.UleevRI.Sprint4.Task0.V17.Test.csproj", "{A18360B8-B594-4C54-B255-13E08351971B}"
EndProject
Project("{2150E333-8FDC-42A3-9474-1A3956D46DE8}") = "Task1", "Task1", "{C8CAE345-0344-4F04-991E-820B55E4D09C}"
EndProject
Project("{FAE04EC0-301F-11D3-BF4B-00C04F79EFBC}") = "Tyuiu.UleevRI.Sprint4.Task1.V23", "Tyuiu.UleevRI.Sprint4.Task1.V23\Tyuiu.UleevRI.Sprint4.Task1.V23.csproj", "{2CF44EBB-5733-446F-82B2-DC6484A0A942}"
EndProject
Project("{FAE04EC0-301F-11D3-BF4B-00C04F79EFBC}") = "Tyuiu.UleevRI.Sprint4.Task1.V23.Lib", "Tyuiu.UleevRI.Sprint4.Task1.V23.Lib\Tyuiu.UleevRI.Sprint4.Task1.V23.Lib.csproj", "{97D7CFF2-4770-4076-A527-F7758523A11E}"
EndProject
Project("{FAE04EC0-301F-11D3-BF4B-00C04F79EFBC}") = "Tyuiu.UleevRI.Sprint4.Task1.V23.Test", "Tyuiu.UleevRI.Sprint4.Task1.V23.Test\Tyuiu.UleevRI.Sprint4.Task1.V23.Test.csproj", "{437631E3-BB26-485A-9DA8-AFD86234FA47}"
EndProject
Project("{2150E333-8FDC-42A3-9474-1A3956D46DE8}") = "Task2", "Task2", "{D323C758-A4C3-4302-A394-1CE2056B7470}"
EndProject
Project("{FAE04EC0-301F-11D3-BF4B-00C04F79EFBC}") = "Tyuiu.UleevRI.Sprint4.Task2.V12", "Tyuiu.UleevRI.Sprint4.Task2.V12\Tyuiu.UleevRI.Sprint4.Task2.V12.csproj", "{232040C3-BFB6-455F-A12C-835628755441}"
EndProject
Project("{FAE04EC0-301F-11D3-BF4B-00C04F79EFBC}") = "Tyuiu.UleevRI.Sprint4.Task2.V12.Lib", "Tyuiu.UleevRI.Sprint4.Task2.V12.Lib\Tyuiu.UleevRI.Sprint4.Task2.V12.Lib.csproj", "{81002BEA-1268-49EA-A53B-9A257C12D63F}"
EndProject
Project("{FAE04EC0-301F-11D3-BF4B-00C04F79EFBC}") = "Tyuiu.UleevRI.Sprint4.Task2.V12.Test", "Tyuiu.UleevRI.Sprint4.Task2.V12.Test\Tyuiu.UleevRI.Sprint4.Task2.V12.Test.csproj", "{BA9B8A42-0121-4547-97E2-5DB217F7999B}"
EndProject
Project("{2150E333-8FDC-42A3-9474-1A3956D46DE8}") = "Task3", "Task3", "{FEF14BF1-035D-4DFF-9FDC-A610A2F1B8E6}"
EndProject
Project("{FAE04EC0-301F-11D3-BF4B-00C04F79EFBC}") = "Tyuiu.UleevRI.Sprint4.Task3.V8", "Tyuiu.UleevRI.Sprint4.Task3.V8\Tyuiu.UleevRI.Sprint4.Task3.V8.csproj", "{52421F40-A58F-4227-8184-846294E8E9B0}"
EndProject
Project("{FAE04EC0-301F-11D3-BF4B-00C04F79EFBC}") = "Tyuiu.UleevRI.Sprint4.Task3.V8.Lib", "Tyuiu.UleevRI.Sprint4.Task3.V8.Lib\Tyuiu.UleevRI.Sprint4.Task3.V8.Lib.csproj", "{58F45FA7-EC71-4880-BDC9-C997E381A2DA}"
EndProject
Project("{FAE04EC0-301F-11D3-BF4B-00C04F79EFBC}") = "Tyuiu.UleevRI.Sprint4.Task3.V8.Test", "Tyuiu.UleevRI.Sprint4.Task3.V8.Test\Tyuiu.UleevRI.Sprint4.Task3.V8.Test.csproj", "{3BC19AE8-C5E5-4C83-B355-7B3CA37BD632}"
EndProject
Project("{2150E333-8FDC-42A3-9474-1A3956D46DE8}") = "Task4", "Task4", "{8577CAD0-2763-4D16-832A-3019147B2365}"
EndProject
Project("{FAE04EC0-301F-11D3-BF4B-00C04F79EFBC}") = "Tyuiu.UleevRI.Sprint4.Task4.V28", "Tyuiu.UleevRI.Sprint4.Task4.V28\Tyuiu.UleevRI.Sprint4.Task4.V28.csproj", "{A9D5F8FD-12EB-44C7-8191-BDAA765B66F7}"
EndProject
Project("{FAE04EC0-301F-11D3-BF4B-00C04F79EFBC}") = "Tyuiu.UleevRI.Sprint4.Task4.V28.Lib", "Tyuiu.UleevRI.Sprint4.Task4.V28.Lib\Tyuiu.UleevRI.Sprint4.Task4.V28.Lib.csproj", "{490CFF83-BF6B-4187-B349-D476729226EC}"
EndProject
Project("{FAE04EC0-301F-11D3-BF4B-00C04F79EFBC}") = "Tyuiu.UleevRI.Sprint4.Task4.V28.Test", "Tyuiu.UleevRI.Sprint4.Task4.V28.Test\Tyuiu.UleevRI.Sprint4.Task4.V28.Test.csproj", "{E3D0CC42-EED5-4529-812A-7AA6F6846F5C}"
EndProject
Project("{2150E333-8FDC-42A3-9474-1A3956D46DE8}") = "Task5", "Task5", "{7941BE9A-DED1-424C-A794-9FAAD868B5D8}"
EndProject
Project("{FAE04EC0-301F-11D3-BF4B-00C04F79EFBC}") = "Tyuiu.UleevRI.Sprint4.Task5.V24", "Tyuiu.UleevRI.Sprint4.Task5.V24\Tyuiu.UleevRI.Sprint4.Task5.V24.csproj", "{7FAB9E49-6C1C-4181-ADAE-5AABF7C7B3DA}"
EndProject
Project("{FAE04EC0-301F-11D3-BF4B-00C04F79EFBC}") = "Tyuiu.UleevRI.Sprint4.Task5.V24.Lib", "Tyuiu.UleevRI.Sprint4.Task5.V24.Lib\Tyuiu.UleevRI.Sprint4.Task5.V24.Lib.csproj", "{B56EE06D-C64A-41BD-8CC3-935E574B34F0}"
EndProject
Project("{FAE04EC0-301F-11D3-BF4B-00C04F79EFBC}") = "Tyuiu.UleevRI.Sprint4.Task5.V24.Test", "Tyuiu.UleevRI.Sprint4.Task5.V24.Test\Tyuiu.UleevRI.Sprint4.Task5.V24.Test.csproj", "{64E6EE0C-C7D6-41D2-8256-D60A36A555C1}"
EndProject
Global
	GlobalSection(SolutionConfigurationPlatforms) = preSolution
		Debug|Any CPU = Debug|Any CPU
		Release|Any CPU = Release|Any CPU
	EndGlobalSection
	GlobalSection(ProjectConfigurationPlatforms) = postSolution
		{F89EF973-FE18-4404-A0C4-EA71AF0A55D9}.Debug|Any CPU.ActiveCfg = Debug|Any CPU
		{F89EF973-FE18-4404-A0C4-EA71AF0A55D9}.Debug|Any CPU.Build.0 = Debug|Any CPU
		{F89EF973-FE18-4404-A0C4-EA71AF0A55D9}.Release|Any CPU.ActiveCfg = Release|Any CPU
		{F89EF973-FE18-4404-A0C4-EA71AF0A55D9}.Release|Any CPU.Build.0 = Release|Any CPU
		{4D4C157B-5279-4F56-858A-112846BEA1FC}.Debug|Any CPU.ActiveCfg = Debug|Any CPU
		{4D4C157B-5279-4F56-858A-112846BEA1FC}.Debug|Any CPU.Build.0 = Debug|Any CPU
		{4D4C157B-5279-4F56-858A-112846BEA1FC}.Release|Any CPU.ActiveCfg = Release|Any CPU
		{4D4C157B-5279-4F56-858A-112846BEA1FC}.Release|Any CPU.Build.0 = Release|Any CPU
		{A18360B8-B594-4C54-B255-13E08351971B}.Debug|Any CPU.ActiveCfg = Debug|Any CPU
		{A18360B8-B594-4C54-B255-13E08351971B}.Debug|Any CPU.Build.0 = Debug|Any CPU
		{A18360B8-B594-4C54-B255-13E08351971B}.Release|Any CPU.ActiveCfg = Release|Any CPU
		{A18360B8-B594-4C54-B255-13E08351971B}.Release|Any CPU.Build.0 = Release|Any CPU
		{2CF44EBB-5733-446F-82B2-DC6484A0A942}.Debug|Any CPU.ActiveCfg = Debug|Any CPU
		{2CF44EBB-5733-446F-82B2-DC6484A0A942}.Debug|Any CPU.Build.0 = Debug|Any CPU
		{2CF44EBB-5733-446F-82B2-DC6484A0A942}.Release|Any CPU.ActiveCfg = Release|Any CPU
		{2CF44EBB-5733-446F-82B2-DC6484A0A942}.Release|Any CPU.Build.0 = Release|Any CPU
		{97D7CFF2-4770-4076-A527-F7758523A11E}.Debug|Any CPU.ActiveCfg = Debug|Any CPU
		{97D7CFF2-4770-4076-A527-F7758523A11E}.Debug|Any CPU.Build.0 = Debug|Any CPU
		{97D7CFF2-4770-4076-A527-F7758523A11E}.Release|Any CPU.ActiveCfg = Release|Any CPU
		{97D7CFF2-4770-4076-A527-F7758523A11E}.Release|Any CPU.Build.0 = Release|Any CPU
		{437631E3-BB26-485A-9DA8-AFD86234FA47}.Debug|Any CPU.ActiveCfg = Debug|Any CPU
		{437631E3-BB26-485A-9DA8-AFD86234FA47}.Debug|Any CPU.Build.0 = Debug|Any CPU
		{437631E3-BB26-485A-9DA8-AFD86234FA47}.Release|Any CPU.ActiveCfg = Release|Any CPU
		{437631E3-BB26-485A-9DA8-AFD86234FA47}.Release|Any CPU.Build.0 = Release|Any CPU
		{232040C3-BFB6-455F-A12C-835628755441}.Debug|Any CPU.ActiveCfg = Debug|Any CPU
		{232040C3-BFB6-455F-A12C-835628755441}.Debug|Any CPU.Build.0 = Debug|Any CPU
		{232040C3-BFB6-455F-A12C-835628755441}.Release|Any CPU.ActiveCfg = Release|Any CPU
		{232040C3-BFB6-455F-A12C-835628755441}.Release|Any CPU.Build.0 = Release|Any CPU
		{81002BEA-1268-49EA-A53B-9A257C12D63F}.Debug|Any CPU.ActiveCfg = Debug|Any CPU
		{81002BEA-1268-49EA-A53B-9A257C12D63F}.Debug|Any CPU.Build.0 = Debug|Any CPU
		{81002BEA-1268-49EA-A53B-9A257C12D63F}.Release|Any CPU.ActiveCfg = Release|Any CPU
		{81002BEA-1268-49EA-A53B-9A257C12D63F}.Release|Any CPU.Build.0 = Release|Any CPU
		{BA9B8A42-0121-4547-97E2-5DB217F7999B}.Debug|Any CPU.ActiveCfg = Debug|Any CPU
		{BA9B8A42-0121-4547-97E2-5DB217F7999B}.Debug|Any CPU.Build.0 = Debug|Any CPU
		{BA9B8A42-0121-4547-97E2-5DB217F7999B}.Release|Any CPU.ActiveCfg = Release|Any CPU
		{BA9B8A42-0121-4547-97E2-5DB217F7999B}.Release|Any CPU.Build.0 = Release|Any CPU
		{52421F40-A58F-4227-8184-846294E8E9B0}.Debug|Any CPU.ActiveCfg = Debug|Any CPU
		{52421F40-A58F-4227-8184-846294E8E9B0}.Debug|Any CPU.Build.0 = Debug|Any CPU
		{52421F40-A58F-4227-8184-846294E8E9B0}.Release|Any CPU.ActiveCfg = Release|Any CPU
		{52421F40-A58F-4227-8184-846294E8E9B0}.Release|Any CPU.Build.0 = Release|Any CPU
		{58F45FA7-EC71-4880-BDC9-C997E381A2DA}.Debug|Any CPU.ActiveCfg = Debug|Any CPU
		{58F45FA7-EC71-4880-BDC9-C997E381A2DA}.Debug|Any CPU.Build.0 = Debug|Any CPU
		{58F45FA7-EC71-4880-BDC9-C997E381A2DA}.Release|Any CPU.ActiveCfg = Release|Any CPU
		{58F45FA7-EC71-4880-BDC9-C997E381A2DA}.Release|Any CPU.Build.0 = Release|Any CPU
		{3BC19AE8-C5E5-4C83-B355-7B3CA37BD632}.Debug|Any CPU.ActiveCfg = Debug|Any CPU
		{3BC19AE8-C5E5-4C83-B355-7B3CA37BD632}.Debug|Any CPU.Build.0 = Debug|Any CPU
		{3BC19AE8-C5E5-4C83-B355-7B3CA37BD632}.Release|Any CPU.ActiveCfg = Release|Any CPU
		{3BC19AE8-C5E5-4C83-B355-7B3CA37BD632}.Release|Any CPU.Build.0 = Release|Any CPU
		{A9D5F8FD-12EB-44C7-8191-BDAA765B66F7}.Debug|Any CPU.ActiveCfg = Debug|Any CPU
		{A9D5F8FD-12EB-44C7-8191-BDAA765B66F7}.Debug|Any CPU.Build.0 = Debug|Any CPU
		{A9D5F8FD-12EB-44C7-8191-BDAA765B66F7}.Release|Any CPU.ActiveCfg = Release|Any CPU
		{A9D5F8FD-12EB-44C7-8191-BDAA765B66F7}.Release|Any CPU.Build.0 = Release|Any CPU
		{490CFF83-BF6B-4187-B349-D476729226EC}.Debug|Any CPU.ActiveCfg = Debug|Any CPU
		{490CFF83-BF6B-4187-B349-D476729226EC}.Debug|Any CPU.Build.0 = Debug|Any CPU
		{490CFF83-BF6B-4187-B349-D476729226EC}.Release|Any CPU.ActiveCfg = Release|Any CPU
		{490CFF83-BF6B-4187-B349-D476729226EC}.Release|Any CPU.Build.0 = Release|Any CPU
		{E3D0CC42-EED5-4529-812A-7AA6F6846F5C}.Debug|Any CPU.ActiveCfg = Debug|Any CPU
		{E3D0CC42-EED5-4529-812A-7AA6F6846F5C}.Debug|Any CPU.Build.0 = Debug|Any CPU
		{E3D0CC42-EED5-4529-812A-7AA6F6846F5C}.Release|Any CPU.ActiveCfg = Release|Any CPU
		{E3D0CC42-EED5-4529-812A-7AA6F6846F5C}.Release|Any CPU.Build.0 = Release|Any CPU
		{7FAB9E49-6C1C-4181-ADAE-5AABF7C7B3DA}.Debug|Any CPU.ActiveCfg = Debug|Any CPU
		{7FAB9E49-6C1C-4181-ADAE-5AABF7C7B3DA}.Debug|Any CPU.Build.0 = Debug|Any CPU
		{7FAB9E49-6C1C-4181-ADAE-5AABF7C7B3DA}.Release|Any CPU.ActiveCfg = Release|Any CPU
		{7FAB9E49-6C1C-4181-ADAE-5AABF7C7B3DA}.Release|Any CPU.Build.0 = Release|Any CPU
		{B56EE06D-C64A-41BD-8CC3-935E574B34F0}.Debug|Any CPU.ActiveCfg = Debug|Any CPU
		{B56EE06D-C64A-41BD-8CC3-935E574B34F0}.Debug|Any CPU.Build.0 = Debug|Any CPU
		{B56EE06D-C64A-41BD-8CC3-935E574B34F0}.Release|Any CPU.ActiveCfg = Release|Any CPU
		{B56EE06D-C64A-41BD-8CC3-935E574B34F0}.Release|Any CPU.Build.0 = Release|Any CPU
		{64E6EE0C-C7D6-41D2-8256-D60A36A555C1}.Debug|Any CPU.ActiveCfg = Debug|Any CPU
		{64E6EE0C-C7D6-41D2-8256-D60A36A555C1}.Debug|Any CPU.Build.0 = Debug|Any CPU
		{64E6EE0C-C7D6-41D2-8256-D60A36A555C1}.Release|Any CPU.ActiveCfg = Release|Any CPU
		{64E6EE0C-C7D6-41D2-8256-D60A36A555C1}.Release|Any CPU.Build.0 = Release|Any CPU
	EndGlobalSection
	GlobalSection(SolutionProperties) = preSolution
		HideSolutionNode = FALSE
	EndGlobalSection
	GlobalSection(NestedProjects) = preSolution
		{F89EF973-FE18-4404-A0C4-EA71AF0A55D9} = {24015E4B-7659-42BE-B20F-09D0CBD7CCB0}
		{4D4C157B-5279-4F56-858A-112846BEA1FC} = {24015E4B-7659-42BE-B20F-09D0CBD7CCB0}
		{A18360B8-B594-4C54-B255-13E08351971B} = {24015E4B-7659-42BE-B20F-09D0CBD7CCB0}
		{2CF44EBB-5733-446F-82B2-DC6484A0A942} = {C8CAE345-0344-4F04-991E-820B55E4D09C}
		{97D7CFF2-4770-4076-A527-F7758523A11E} = {C8CAE345-0344-4F04-991E-820B55E4D09C}
		{437631E3-BB26-485A-9DA8-AFD86234FA47} = {C8CAE345-0344-4F04-991E-820B55E4D09C}
		{232040C3-BFB6-455F-A12C-835628755441} = {D323C758-A4C3-4302-A394-1CE2056B7470}
		{81002BEA-1268-49EA-A53B-9A257C12D63F} = {D323C758-A4C3-4302-A394-1CE2056B7470}
		{BA9B8A42-0121-4547-97E2-5DB217F7999B} = {D323C758-A4C3-4302-A394-1CE2056B7470}
		{52421F40-A58F-4227-8184-846294E8E9B0} = {FEF14BF1-035D-4DFF-9FDC-A610A2F1B8E6}
		{58F45FA7-EC71-4880-BDC9-C997E381A2DA} = {FEF14BF1-035D-4DFF-9FDC-A610A2F1B8E6}
		{3BC19AE8-C5E5-4C83-B355-7B3CA37BD632} = {FEF14BF1-035D-4DFF-9FDC-A610A2F1B8E6}
		{A9D5F8FD-12EB-44C7-8191-BDAA765B66F7} = {8577CAD0-2763-4D16-832A-3019147B2365}
		{490CFF83-BF6B-4187-B349-D476729226EC} = {8577CAD0-2763-4D16-832A-3019147B2365}
		{E3D0CC42-EED5-4529-812A-7AA6F6846F5C} = {8577CAD0-2763-4D16-832A-3019147B2365}
		{7FAB9E49-6C1C-4181-ADAE-5AABF7C7B3DA} = {7941BE9A-DED1-424C-A794-9FAAD868B5D8}
		{B56EE06D-C64A-41BD-8CC3-935E574B34F0} = {7941BE9A-DED1-424C-A794-9FAAD868B5D8}
		{64E6EE0C-C7D6-41D2-8256-D60A36A555C1} = {7941BE9A-DED1-424C-A794-9FAAD868B5D8}
	EndGlobalSection
	GlobalSection(ExtensibilityGlobals) = postSolution
		SolutionGuid = {F7562A2D-07B5-4DA0-AA13-3918E6067036}
	EndGlobalSection
EndGlobal
